dependencies:
- name: cray-service
  repository: https://nowireless.github.io/base-charts
  version: 8.0.3
- name: keycloak
  repository: https://charts.bitnami.com/bitnami
  version: 9.3.6
digest: sha256:7373644ebd39c38a56f8ad4cf9ebe840a7aa96c568b79d3c0d4e97e543cbd0a1
generated: "2022-07-10T13:21:24.205123-05:00"
